# THIS IS AN AUTOGENERATED FILE. DO NOT EDIT THIS FILE DIRECTLY.
# yarn lockfile v1
  version "3.2.13"
  resolved "https://registry.yarnpkg.com/@microsoft/1ds-core-js/-/1ds-core-js-3.2.13.tgz#0c105ed75091bae3f1555c0334704fa9911c58fb"
  integrity sha512-CluYTRWcEk0ObG5EWFNWhs87e2qchJUn0p2D21ZUa3PWojPZfPSBs4//WIE0MYV8Qg1Hdif2ZTwlM7TbYUjfAg==
  dependencies:
    "@microsoft/applicationinsights-core-js" "2.8.15"
    "@microsoft/applicationinsights-shims" "^2.0.2"
    "@microsoft/dynamicproto-js" "^1.1.7"


  dependencies:
    "@microsoft/1ds-core-js" "3.2.17"
    "@microsoft/applicationinsights-shims" "^2.0.2"
    "@microsoft/dynamicproto-js" "^1.1.11"

"@microsoft/applicationinsights-core-js@2.8.15":
  version "2.8.15"
  resolved "https://registry.yarnpkg.com/@microsoft/applicationinsights-core-js/-/applicationinsights-core-js-2.8.15.tgz#8fa466474260e01967fe649f14dd9e5ff91dcdc8"
  integrity sha512-yYAs9MyjGr2YijQdUSN9mVgT1ijI1FPMgcffpaPmYbHAVbQmF7bXudrBWHxmLzJlwl5rfep+Zgjli2e67lwUqQ==
  dependencies:
    "@microsoft/applicationinsights-shims" "2.0.2"
    "@microsoft/dynamicproto-js" "^1.1.9"

"@microsoft/applicationinsights-core-js@2.8.18":
  version "2.8.18"
  resolved "https://registry.yarnpkg.com/@microsoft/applicationinsights-core-js/-/applicationinsights-core-js-2.8.18.tgz#b3ce9e834f4a09aceb82465e2410851461f5f68a"
  integrity sha512-yPHRZFLpnEO0uSgFPM1BLMRRwjoten9YBbn4pJRbCT4PigLnj748knmWsMwXIdcehtkRTYz78kPYa/LWP7nvmA==
  dependencies:
    "@microsoft/applicationinsights-shims" "2.0.2"
    "@microsoft/dynamicproto-js" "^1.1.11"

"@microsoft/applicationinsights-shims@2.0.2", "@microsoft/applicationinsights-shims@^2.0.2":
  version "2.0.2"
  resolved "https://registry.yarnpkg.com/@microsoft/applicationinsights-shims/-/applicationinsights-shims-2.0.2.tgz#92b36a09375e2d9cb2b4203383b05772be837085"
  integrity sha512-PoHEgsnmcqruLNHZ/amACqdJ6YYQpED0KSRe6J7gIJTtpZC1FfFU9b1fmDKDKtFoUSrPzEh1qzO3kmRZP0betg==

"@microsoft/dynamicproto-js@^1.1.11":
  version "1.1.11"
  resolved "https://registry.yarnpkg.com/@microsoft/dynamicproto-js/-/dynamicproto-js-1.1.11.tgz#c737e1a50db9453354729ddaeb2c3b16927ed92e"
  integrity sha512-gNw9z9LbqLV+WadZ6/MMrWwO3e0LuoUH1wve/1iPsBNbgqeVCiB0EZFNNj2lysxS2gkqoF9hmyVaG3MoM1BkxA==

"@microsoft/dynamicproto-js@^1.1.7", "@microsoft/dynamicproto-js@^1.1.9":
  version "1.1.9"
  resolved "https://registry.yarnpkg.com/@microsoft/dynamicproto-js/-/dynamicproto-js-1.1.9.tgz#7437db7aa061162ee94e4131b69a62b8dad5dea6"
  integrity sha512-n1VPsljTSkthsAFYdiWfC+DKzK2WwcRp83Y1YAqdX552BstvsDjft9YXppjUzp11BPsapDoO1LDgrDB0XVsfNQ==

"@vscode/iconv-lite-umd@0.7.0":
  version "0.7.0"
  resolved "https://registry.yarnpkg.com/@vscode/iconv-lite-umd/-/iconv-lite-umd-0.7.0.tgz#d2f1e0664ee6036408f9743fee264ea0699b0e48"

tas-client-umd@0.2.0:
  version "0.2.0"
  resolved "https://registry.yarnpkg.com/tas-client-umd/-/tas-client-umd-0.2.0.tgz#b71cc28f4c9b14f7b62f1ca4669886aa197e390c"
  integrity sha512-oezN7mJVm5qZDVEby7OzxCLKUpUN5of0rY4dvOWaDF2JZBlGpd3BXceFN8B53qlTaIkVSzP65aAMT0Vc+/N25Q==

vscode-oniguruma@1.7.0:
  version "1.7.0"
  resolved "https://registry.yarnpkg.com/vscode-oniguruma/-/vscode-oniguruma-1.7.0.tgz#439bfad8fe71abd7798338d1cd3dc53a8beea94b"
  integrity sha512-L9WMGRfrjOhgHSdOYgCt/yRMsXzLDJSL7BPrOZt73gU0iWO4mpqzqQzOz5srxqTvMBaR0XZTSrVWo4j55Rc6cA==

vscode-textmate@9.1.0:
  version "9.1.0"
  resolved "https://registry.yarnpkg.com/vscode-textmate/-/vscode-textmate-9.1.0.tgz#656a6aa163a9578397ba810733952bedb2b47202"
  integrity sha512-lxKSVp2DkFOx9RDAvpiYUrB9/KT1fAfi1aE8CBGstP8N7rLF+Seifj8kDA198X0mYj1CjQUC+81+nQf8CO0nVA==
